PODS:
  - AAPhotoCircleCrop (1.2.0)
  - BRYXBanner (0.7.3)
  - Cartography (1.0.1)
  - Chatto (3.2.0)
  - ChattoAdditions (3.2.0):
    - Chatto
  - Eureka (4.0.1)
  - NVActivityIndicatorView (3.3)
  - Realm (3.0.1):
    - Realm/Headers (= 3.0.1)
  - Realm/Headers (3.0.1)
  - RealmLoginKit (0.1.3):
    - Realm
    - RealmLoginKit/Core (= 0.1.3)
    - TORoundedTableView
  - RealmLoginKit/Core (0.1.3):
    - Realm
    - TORoundedTableView
  - RealmSwift (3.0.1):
    - Realm (= 3.0.1)
  - SDWebImage (3.8.2):
    - SDWebImage/Core (= 3.8.2)
  - SDWebImage/Core (3.8.2)
  - SideMenu (2.1.5)
  - TORoundedTableView (0.1.3)
  - TURecipientBar (2.0.4)

DEPENDENCIES:
  - AAPhotoCircleCrop
  - BRYXBanner (~> 0.7.1)
  - Cartography (= 1.0.1)
  - Chatto
  - ChattoAdditions
  - Eureka
  - NVActivityIndicatorView (= 3.3)
  - RealmLoginKit
  - RealmSwift
  - SDWebImage (~> 3.8.2)
  - SideMenu (~> 2.1.3)
  - TURecipientBar (~> 2.0.4)

SPEC CHECKSUMS:
  AAPhotoCircleCrop: 61371491e3db6d295f6402b40d4ab481129ddf43
  BRYXBanner: bd26a91cb8a5826a8bc7687891043d287dd3ee53
  Cartography: c1460e99395b824d9d75360b0382faeb0b33dcd7
  Chatto: c5d1d9bfea49618bd55946e903b54d6503f8883f
  ChattoAdditions: af8f01388821c0ceb6a45654ab6b38dbee6c8836
  Eureka: c8bd5cc07143b6f66268c208d28a246c99b41955
  NVActivityIndicatorView: 0a4cd7863d0e409e65b72e253c3e13f48d0260d7
  Realm: ba6144c74f835f7497791f6599d63a7755377b83
  RealmLoginKit: 646d412bb28b8319235fb48e54ed6d6e57b98e17
  RealmSwift: 7d13b1ac4b6022a13f841e3143e7789c9e40ad0d
  SDWebImage: 098e97e6176540799c27e804c96653ee0833d13c
  SideMenu: bcd2d7b7d4395af088e213cebd11c3ac7d958f5a
  TORoundedTableView: cd1437ef81ab3888dea8c06d2dfe4795bcaac768
  TURecipientBar: 4904645f476ad056e17c9458fa9894552339e63a

PODFILE CHECKSUM: 9ce2f32f5f36b69346586933cb80eab4c90018a2

COCOAPODS: 1.3.1
